// !$*UTF8*$!
{
	archiveVersion = 1;
	classes = {
	};
	objectVersion = 55;
	objects = {

/* Begin PBXBuildFile section */
		544231F327DC5975005AB188 /* AppDelegate.swift in Sources */ = {isa = PBXBuildFile; fileRef = 544231F227DC5975005AB188 /* AppDelegate.swift */; };
		544231F527DC5975005AB188 /* SceneDelegate.swift in Sources */ = {isa = PBXBuildFile; fileRef = 544231F427DC5975005AB188 /* SceneDelegate.swift */; };
		544231F727DC5975005AB188 /* NewsListViewController.swift in Sources */ = {isa = PBXBuildFile; fileRef = 544231F627DC5975005AB188 /* NewsListViewController.swift */; };
		544231FC27DC5976005AB188 /* Assets.xcassets in Resources */ = {isa = PBXBuildFile; fileRef = 544231FB27DC5976005AB188 /* Assets.xcassets */; };
		544231FF27DC5976005AB188 /* LaunchScreen.storyboard in Resources */ = {isa = PBXBuildFile; fileRef = 544231FD27DC5976005AB188 /* LaunchScreen.storyboard */; };
		5442322727DC5990005AB188 /* DailyNewsEndpoint.swift in Sources */ = {isa = PBXBuildFile; fileRef = 5442322327DC5990005AB188 /* DailyNewsEndpoint.swift */; };
		5442322827DC5990005AB188 /* NetworkRechability.swift in Sources */ = {isa = PBXBuildFile; fileRef = 5442322427DC5990005AB188 /* NetworkRechability.swift */; };
		5442322927DC5990005AB188 /* EndPoint.swift in Sources */ = {isa = PBXBuildFile; fileRef = 5442322527DC5990005AB188 /* EndPoint.swift */; };
		5442322A27DC5990005AB188 /* NetworkManager.swift in Sources */ = {isa = PBXBuildFile; fileRef = 5442322627DC5990005AB188 /* NetworkManager.swift */; };
		5442322C27DC5DFF005AB188 /* HTTPMethod.swift in Sources */ = {isa = PBXBuildFile; fileRef = 5442322B27DC5DFF005AB188 /* HTTPMethod.swift */; };
		5442323027DC6859005AB188 /* Constants.swift in Sources */ = {isa = PBXBuildFile; fileRef = 5442322F27DC6859005AB188 /* Constants.swift */; };
		5442323727DC73E3005AB188 /* NewsListViewModel.swift in Sources */ = {isa = PBXBuildFile; fileRef = 5442323627DC73E3005AB188 /* NewsListViewModel.swift */; };
		5442323927DC73F1005AB188 /* NewsListFetcher.swift in Sources */ = {isa = PBXBuildFile; fileRef = 5442323827DC73F1005AB188 /* NewsListFetcher.swift */; };
		5442323C27DC7548005AB188 /* News.swift in Sources */ = {isa = PBXBuildFile; fileRef = 5442323B27DC7548005AB188 /* News.swift */; };
		5442323E27DC757C005AB188 /* NewsDataDelegate.swift in Sources */ = {isa = PBXBuildFile; fileRef = 5442323D27DC757C005AB188 /* NewsDataDelegate.swift */; };
		5442324527DC7970005AB188 /* NewsListCell.swift in Sources */ = {isa = PBXBuildFile; fileRef = 5442324427DC7970005AB188 /* NewsListCell.swift */; };
		5442324827DC7FE2005AB188 /* Main.storyboard in Resources */ = {isa = PBXBuildFile; fileRef = 5442324627DC7FE2005AB188 /* Main.storyboard */; };
		5442324A27DCB0C8005AB188 /* Localizable.strings in Resources */ = {isa = PBXBuildFile; fileRef = 5442324927DCB0C8005AB188 /* Localizable.strings */; };
		5442324C27DCD44D005AB188 /* ImageLoader.swift in Sources */ = {isa = PBXBuildFile; fileRef = 5442324B27DCD44D005AB188 /* ImageLoader.swift */; };
		5442324E27DCE9CD005AB188 /* CommonExtension.swift in Sources */ = {isa = PBXBuildFile; fileRef = 5442324D27DCE9CD005AB188 /* CommonExtension.swift */; };
		5442325027DCF945005AB188 /* NewsListCellViewModel.swift in Sources */ = {isa = PBXBuildFile; fileRef = 5442324F27DCF945005AB188 /* NewsListCellViewModel.swift */; };
		5442325327DD0861005AB188 /* Coordinator.swift in Sources */ = {isa = PBXBuildFile; fileRef = 5442325227DD0861005AB188 /* Coordinator.swift */; };
		5442325727DD0BB2005AB188 /* NetworkAPIStatus.swift in Sources */ = {isa = PBXBuildFile; fileRef = 5442325627DD0BB2005AB188 /* NetworkAPIStatus.swift */; };
		5442325927DD103A005AB188 /* AppCoordinator.swift in Sources */ = {isa = PBXBuildFile; fileRef = 5442325827DD103A005AB188 /* AppCoordinator.swift */; };
		5442326527DDF2CD005AB188 /* NewsCategory.swift in Sources */ = {isa = PBXBuildFile; fileRef = 5442326427DDF2CD005AB188 /* NewsCategory.swift */; };
		5442326827DE1274005AB188 /* NewsDetailsViewController.swift in Sources */ = {isa = PBXBuildFile; fileRef = 5442326727DE1274005AB188 /* NewsDetailsViewController.swift */; };
		5442326A27DE127B005AB188 /* NewsDetailViewModel.swift in Sources */ = {isa = PBXBuildFile; fileRef = 5442326927DE127B005AB188 /* NewsDetailViewModel.swift */; };
		5476AEDD27DE3DEA00F0E372 /* DailyNewsAppUITests.swift in Sources */ = {isa = PBXBuildFile; fileRef = 5476AEDC27DE3DEA00F0E372 /* DailyNewsAppUITests.swift */; };
		5476AEDF27DE3DEA00F0E372 /* DailyNewsAppUITestsLaunchTests.swift in Sources */ = {isa = PBXBuildFile; fileRef = 5476AEDE27DE3DEA00F0E372 /* DailyNewsAppUITestsLaunchTests.swift */; };
		549DFB7E27DF38B00091E25C /* MockNewsListApiResponse.json in Resources */ = {isa = PBXBuildFile; fileRef = 549DFB7C27DF38B00091E25C /* MockNewsListApiResponse.json */; };
		549DFB7F27DF38B00091E25C /* MockNewsObject.json in Resources */ = {isa = PBXBuildFile; fileRef = 549DFB7D27DF38B00091E25C /* MockNewsObject.json */; };
		549DFB8127DF38C50091E25C /* MockNewsListFetcher.swift in Sources */ = {isa = PBXBuildFile; fileRef = 549DFB8027DF38C50091E25C /* MockNewsListFetcher.swift */; };
		549DFB8227DF38CB0091E25C /* MockNewsListApiResponse.json in Resources */ = {isa = PBXBuildFile; fileRef = 549DFB7C27DF38B00091E25C /* MockNewsListApiResponse.json */; };
		549DFB8327DF38CC0091E25C /* MockNewsListApiResponse.json in Resources */ = {isa = PBXBuildFile; fileRef = 549DFB7C27DF38B00091E25C /* MockNewsListApiResponse.json */; };
		549DFB8427DF38CE0091E25C /* MockNewsObject.json in Resources */ = {isa = PBXBuildFile; fileRef = 549DFB7D27DF38B00091E25C /* MockNewsObject.json */; };
		549DFB8527DF38CF0091E25C /* MockNewsObject.json in Resources */ = {isa = PBXBuildFile; fileRef = 549DFB7D27DF38B00091E25C /* MockNewsObject.json */; };
		549DFB8927DF38E00091E25C /* NewsDetailViewModelUnitTest.swift in Sources */ = {isa = PBXBuildFile; fileRef = 549DFB8627DF38E00091E25C /* NewsDetailViewModelUnitTest.swift */; };
		549DFB8A27DF38E00091E25C /* NewsListFetcherUnitTest.swift in Sources */ = {isa = PBXBuildFile; fileRef = 549DFB8727DF38E00091E25C /* NewsListFetcherUnitTest.swift */; };
		549DFB8B27DF38E00091E25C /* NewsListViewModelUnitTests.swift in Sources */ = {isa = PBXBuildFile; fileRef = 549DFB8827DF38E00091E25C /* NewsListViewModelUnitTests.swift */; };
		54D4105A27DEEBD6004F6955 /* APIError.swift in Sources */ = {isa = PBXBuildFile; fileRef = 54D4105927DEEBD6004F6955 /* APIError.swift */; };
/* End PBXBuildFile section */

/* Begin PBXContainerItemProxy section */
		5476AEE027DE3DEA00F0E372 /* PBXContainerItemProxy */ = {
			isa = PBXContainerItemProxy;
			containerPortal = 544231E727DC5975005AB188 /* Project object */;
			proxyType = 1;
			remoteGlobalIDString = 544231EE27DC5975005AB188;
			remoteInfo = DailyNewsApp;
		};
		54E04AEC27DEC88D004DD14E /* PBXContainerItemProxy */ = {
			isa = PBXContainerItemProxy;
			containerPortal = 544231E727DC5975005AB188 /* Project object */;
			proxyType = 1;
			remoteGlobalIDString = 544231EE27DC5975005AB188;
			remoteInfo = DailyNewsApp;
		};
/* End PBXContainerItemProxy section */

/* Begin PBXFileReference section */
		544231EF27DC5975005AB188 /* DailyNewsApp.app */ = {isa = PBXFileReference; explicitFileType = wrapper.application; includeInIndex = 0; path = DailyNewsApp.app; sourceTree = BUILT_PRODUCTS_DIR; };
		544231F227DC5975005AB188 /* AppDelegate.swift */ = {isa = PBXFileReference; lastKnownFileType = sourcecode.swift; path = AppDelegate.swift; sourceTree = "<group>"; };
		544231F427DC5975005AB188 /* SceneDelegate.swift */ = {isa = PBXFileReference; lastKnownFileType = sourcecode.swift; path = SceneDelegate.swift; sourceTree = "<group>"; };
		544231F627DC5975005AB188 /* NewsListViewController.swift */ = {isa = PBXFileReference; lastKnownFileType = sourcecode.swift; path = NewsListViewController.swift; sourceTree = "<group>"; };
		544231FB27DC5976005AB188 /* Assets.xcassets */ = {isa = PBXFileReference; lastKnownFileType = folder.assetcatalog; path = Assets.xcassets; sourceTree = "<group>"; };
		544231FE27DC5976005AB188 /* Base */ = {isa = PBXFileReference; lastKnownFileType = file.storyboard; name = Base; path = Base.lproj/LaunchScreen.storyboard; sourceTree = "<group>"; };
		5442320027DC5976005AB188 /* Info.plist */ = {isa = PBXFileReference; lastKnownFileType = text.plist.xml; path = Info.plist; sourceTree = "<group>"; };
		5442322327DC5990005AB188 /* DailyNewsEndpoint.swift */ = {isa = PBXFileReference; fileEncoding = 4; lastKnownFileType = sourcecode.swift; path = DailyNewsEndpoint.swift; sourceTree = "<group>"; };
		5442322427DC5990005AB188 /* NetworkRechability.swift */ = {isa = PBXFileReference; fileEncoding = 4; lastKnownFileType = sourcecode.swift; path = NetworkRechability.swift; sourceTree = "<group>"; };
		5442322527DC5990005AB188 /* EndPoint.swift */ = {isa = PBXFileReference; fileEncoding = 4; lastKnownFileType = sourcecode.swift; path = EndPoint.swift; sourceTree = "<group>"; };
		5442322627DC5990005AB188 /* NetworkManager.swift */ = {isa = PBXFileReference; fileEncoding = 4; lastKnownFileType = sourcecode.swift; path = NetworkManager.swift; sourceTree = "<group>"; };
		5442322B27DC5DFF005AB188 /* HTTPMethod.swift */ = {isa = PBXFileReference; lastKnownFileType = sourcecode.swift; path = HTTPMethod.swift; sourceTree = "<group>"; };
		5442322F27DC6859005AB188 /* Constants.swift */ = {isa = PBXFileReference; lastKnownFileType = sourcecode.swift; path = Constants.swift; sourceTree = "<group>"; };
		5442323627DC73E3005AB188 /* NewsListViewModel.swift */ = {isa = PBXFileReference; lastKnownFileType = sourcecode.swift; path = NewsListViewModel.swift; sourceTree = "<group>"; };
		5442323827DC73F1005AB188 /* NewsListFetcher.swift */ = {isa = PBXFileReference; lastKnownFileType = sourcecode.swift; path = NewsListFetcher.swift; sourceTree = "<group>"; };
		5442323B27DC7548005AB188 /* News.swift */ = {isa = PBXFileReference; lastKnownFileType = sourcecode.swift; path = News.swift; sourceTree = "<group>"; };
		5442323D27DC757C005AB188 /* NewsDataDelegate.swift */ = {isa = PBXFileReference; lastKnownFileType = sourcecode.swift; path = NewsDataDelegate.swift; sourceTree = "<group>"; };
		5442324427DC7970005AB188 /* NewsListCell.swift */ = {isa = PBXFileReference; lastKnownFileType = sourcecode.swift; path = NewsListCell.swift; sourceTree = "<group>"; };
		5442324727DC7FE2005AB188 /* Base */ = {isa = PBXFileReference; lastKnownFileType = file.storyboard; name = Base; path = Base.lproj/Main.storyboard; sourceTree = "<group>"; };
		5442324927DCB0C8005AB188 /* Localizable.strings */ = {isa = PBXFileReference; lastKnownFileType = text.plist.strings; path = Localizable.strings; sourceTree = "<group>"; };
		5442324B27DCD44D005AB188 /* ImageLoader.swift */ = {isa = PBXFileReference; fileEncoding = 4; lastKnownFileType = sourcecode.swift; path = ImageLoader.swift; sourceTree = "<group>"; };
		5442324D27DCE9CD005AB188 /* CommonExtension.swift */ = {isa = PBXFileReference; fileEncoding = 4; lastKnownFileType = sourcecode.swift; path = CommonExtension.swift; sourceTree = "<group>"; };
		5442324F27DCF945005AB188 /* NewsListCellViewModel.swift */ = {isa = PBXFileReference; lastKnownFileType = sourcecode.swift; path = NewsListCellViewModel.swift; sourceTree = "<group>"; };
		5442325227DD0861005AB188 /* Coordinator.swift */ = {isa = PBXFileReference; lastKnownFileType = sourcecode.swift; path = Coordinator.swift; sourceTree = "<group>"; };
		5442325627DD0BB2005AB188 /* NetworkAPIStatus.swift */ = {isa = PBXFileReference; lastKnownFileType = sourcecode.swift; path = NetworkAPIStatus.swift; sourceTree = "<group>"; };
		5442325827DD103A005AB188 /* AppCoordinator.swift */ = {isa = PBXFileReference; lastKnownFileType = sourcecode.swift; path = AppCoordinator.swift; sourceTree = "<group>"; };
		5442326427DDF2CD005AB188 /* NewsCategory.swift */ = {isa = PBXFileReference; fileEncoding = 4; lastKnownFileType = sourcecode.swift; path = NewsCategory.swift; sourceTree = "<group>"; };
		5442326727DE1274005AB188 /* NewsDetailsViewController.swift */ = {isa = PBXFileReference; fileEncoding = 4; lastKnownFileType = sourcecode.swift; path = NewsDetailsViewController.swift; sourceTree = "<group>"; };
		5442326927DE127B005AB188 /* NewsDetailViewModel.swift */ = {isa = PBXFileReference; fileEncoding = 4; lastKnownFileType = sourcecode.swift; path = NewsDetailViewModel.swift; sourceTree = "<group>"; };
		5476AEDA27DE3DE900F0E372 /* DailyNewsAppUITests.xctest */ = {isa = PBXFileReference; explicitFileType = wrapper.cfbundle; includeInIndex = 0; path = DailyNewsAppUITests.xctest; sourceTree = BUILT_PRODUCTS_DIR; };
		5476AEDC27DE3DEA00F0E372 /* DailyNewsAppUITests.swift */ = {isa = PBXFileReference; lastKnownFileType = sourcecode.swift; path = DailyNewsAppUITests.swift; sourceTree = "<group>"; };
		5476AEDE27DE3DEA00F0E372 /* DailyNewsAppUITestsLaunchTests.swift */ = {isa = PBXFileReference; lastKnownFileType = sourcecode.swift; path = DailyNewsAppUITestsLaunchTests.swift; sourceTree = "<group>"; };
		549DFB7C27DF38B00091E25C /* MockNewsListApiResponse.json */ = {isa = PBXFileReference; fileEncoding = 4; lastKnownFileType = text.json; name = MockNewsListApiResponse.json; path = ../../../../../../MobiloApps/Divya/DailyNews/DailyNewsApp/DailyNewsAppUnitTests/Mocks/MockNewsListApiResponse.json; sourceTree = "<group>"; };
		549DFB7D27DF38B00091E25C /* MockNewsObject.json */ = {isa = PBXFileReference; fileEncoding = 4; lastKnownFileType = text.json; name = MockNewsObject.json; path = ../../../../../../MobiloApps/Divya/DailyNews/DailyNewsApp/DailyNewsAppUnitTests/Mocks/MockNewsObject.json; sourceTree = "<group>"; };
		549DFB8027DF38C50091E25C /* MockNewsListFetcher.swift */ = {isa = PBXFileReference; fileEncoding = 4; lastKnownFileType = sourcecode.swift; name = MockNewsListFetcher.swift; path = ../../../../../../MobiloApps/Divya/DailyNews/DailyNewsApp/DailyNewsAppUnitTests/Mocks/MockNewsListFetcher.swift; sourceTree = "<group>"; };
		549DFB8627DF38E00091E25C /* NewsDetailViewModelUnitTest.swift */ = {isa = PBXFileReference; fileEncoding = 4; lastKnownFileType = sourcecode.swift; name = NewsDetailViewModelUnitTest.swift; path = ../../../../../MobiloApps/Divya/DailyNews/DailyNewsApp/DailyNewsAppUnitTests/NewsDetailViewModelUnitTest.swift; sourceTree = "<group>"; };
		549DFB8727DF38E00091E25C /* NewsListFetcherUnitTest.swift */ = {isa = PBXFileReference; fileEncoding = 4; lastKnownFileType = sourcecode.swift; name = NewsListFetcherUnitTest.swift; path = ../../../../../MobiloApps/Divya/DailyNews/DailyNewsApp/DailyNewsAppUnitTests/NewsListFetcherUnitTest.swift; sourceTree = "<group>"; };
		549DFB8827DF38E00091E25C /* NewsListViewModelUnitTests.swift */ = {isa = PBXFileReference; fileEncoding = 4; lastKnownFileType = sourcecode.swift; name = NewsListViewModelUnitTests.swift; path = ../../../../../MobiloApps/Divya/DailyNews/DailyNewsApp/DailyNewsAppUnitTests/NewsListViewModelUnitTests.swift; sourceTree = "<group>"; };
		54D4105927DEEBD6004F6955 /* APIError.swift */ = {isa = PBXFileReference; lastKnownFileType = sourcecode.swift; name = APIError.swift; path = ../../../../../../MobiloApps/Divya/DailyNews/DailyNewsApp/DailyNewsApp/Network/APIError.swift; sourceTree = "<group>"; };
		54E04AE827DEC88D004DD14E /* DailyNewsAppUnitTests.xctest */ = {isa = PBXFileReference; explicitFileType = wrapper.cfbundle; includeInIndex = 0; path = DailyNewsAppUnitTests.xctest; sourceTree = BUILT_PRODUCTS_DIR; };
/* End PBXFileReference section */

/* Begin PBXFrameworksBuildPhase section */
		544231EC27DC5975005AB188 /* Frameworks */ = {
			isa = PBXFrameworksBuildPhase;
			buildActionMask = 2147483647;
			files = (
			);
			runOnlyForDeploymentPostprocessing = 0;
		};
		5476AED727DE3DE900F0E372 /* Frameworks */ = {
			isa = PBXFrameworksBuildPhase;
			buildActionMask = 2147483647;
			files = (
			);
			runOnlyForDeploymentPostprocessing = 0;
		};
		54E04AE527DEC88D004DD14E /* Frameworks */ = {
			isa = PBXFrameworksBuildPhase;
			buildActionMask = 2147483647;
			files = (
			);
			runOnlyForDeploymentPostprocessing = 0;
		};
/* End PBXFrameworksBuildPhase section */

/* Begin PBXGroup section */
		544231E627DC5975005AB188 = {
			isa = PBXGroup;
			children = (
				5442324927DCB0C8005AB188 /* Localizable.strings */,
				544231F127DC5975005AB188 /* DailyNewsApp */,
				5476AEDB27DE3DEA00F0E372 /* DailyNewsAppUITests */,
				54E04AE927DEC88D004DD14E /* DailyNewsAppUnitTests */,
				544231F027DC5975005AB188 /* Products */,
			);
			sourceTree = "<group>";
		};
		544231F027DC5975005AB188 /* Products */ = {
			isa = PBXGroup;
			children = (
				544231EF27DC5975005AB188 /* DailyNewsApp.app */,
				5476AEDA27DE3DE900F0E372 /* DailyNewsAppUITests.xctest */,
				54E04AE827DEC88D004DD14E /* DailyNewsAppUnitTests.xctest */,
			);
			name = Products;
			sourceTree = "<group>";
		};
		544231F127DC5975005AB188 /* DailyNewsApp */ = {
			isa = PBXGroup;
			children = (
				5442325127DD07F6005AB188 /* Coordinator */,
				5442324127DC7617005AB188 /* Delegates */,
				5442323127DC737F005AB188 /* NewsList */,
				5442326627DE1242005AB188 /* News Detail */,
				5442322227DC5981005AB188 /* Network */,
				5442323A27DC753B005AB188 /* Models */,
				5442324327DC766D005AB188 /* Utility */,
				5442324227DC762B005AB188 /* Resources */,
				5442320027DC5976005AB188 /* Info.plist */,
			);
			path = DailyNewsApp;
			sourceTree = "<group>";
		};
		5442322227DC5981005AB188 /* Network */ = {
			isa = PBXGroup;
			children = (
				5442322527DC5990005AB188 /* EndPoint.swift */,
				5442322327DC5990005AB188 /* DailyNewsEndpoint.swift */,
				5442322627DC5990005AB188 /* NetworkManager.swift */,
				5442322427DC5990005AB188 /* NetworkRechability.swift */,
				5442322B27DC5DFF005AB188 /* HTTPMethod.swift */,
				5442325627DD0BB2005AB188 /* NetworkAPIStatus.swift */,
				54D4105927DEEBD6004F6955 /* APIError.swift */,
			);
			path = Network;
			sourceTree = "<group>";
		};
		5442323127DC737F005AB188 /* NewsList */ = {
			isa = PBXGroup;
			children = (
				5442325C27DD12DF005AB188 /* ViewModel */,
				5442325B27DD12CF005AB188 /* Views */,
				5442325A27DD12B1005AB188 /* Fetcher */,
			);
			path = NewsList;
			sourceTree = "<group>";
		};
		5442323A27DC753B005AB188 /* Models */ = {
			isa = PBXGroup;
			children = (
				5442326427DDF2CD005AB188 /* NewsCategory.swift */,
				5442323B27DC7548005AB188 /* News.swift */,
			);
			path = Models;
			sourceTree = "<group>";
		};
		5442324127DC7617005AB188 /* Delegates */ = {
			isa = PBXGroup;
			children = (
				544231F227DC5975005AB188 /* AppDelegate.swift */,
				544231F427DC5975005AB188 /* SceneDelegate.swift */,
			);
			path = Delegates;
			sourceTree = "<group>";
		};
		5442324227DC762B005AB188 /* Resources */ = {
			isa = PBXGroup;
			children = (
				5442324627DC7FE2005AB188 /* Main.storyboard */,
				544231FD27DC5976005AB188 /* LaunchScreen.storyboard */,
				544231FB27DC5976005AB188 /* Assets.xcassets */,
			);
			path = Resources;
			sourceTree = "<group>";
		};
		5442324327DC766D005AB188 /* Utility */ = {
			isa = PBXGroup;
			children = (
				5442324D27DCE9CD005AB188 /* CommonExtension.swift */,
				5442322F27DC6859005AB188 /* Constants.swift */,
			);
			path = Utility;
			sourceTree = "<group>";
		};
		5442325127DD07F6005AB188 /* Coordinator */ = {
			isa = PBXGroup;
			children = (
				5442325227DD0861005AB188 /* Coordinator.swift */,
				5442325827DD103A005AB188 /* AppCoordinator.swift */,
			);
			path = Coordinator;
			sourceTree = "<group>";
		};
		5442325A27DD12B1005AB188 /* Fetcher */ = {
			isa = PBXGroup;
			children = (
				5442324B27DCD44D005AB188 /* ImageLoader.swift */,
				5442323D27DC757C005AB188 /* NewsDataDelegate.swift */,
				5442323827DC73F1005AB188 /* NewsListFetcher.swift */,
			);
			path = Fetcher;
			sourceTree = "<group>";
		};
		5442325B27DD12CF005AB188 /* Views */ = {
			isa = PBXGroup;
			children = (
				544231F627DC5975005AB188 /* NewsListViewController.swift */,
				5442324427DC7970005AB188 /* NewsListCell.swift */,
			);
			path = Views;
			sourceTree = "<group>";
		};
		5442325C27DD12DF005AB188 /* ViewModel */ = {
			isa = PBXGroup;
			children = (
				5442323627DC73E3005AB188 /* NewsListViewModel.swift */,
				5442324F27DCF945005AB188 /* NewsListCellViewModel.swift */,
			);
			path = ViewModel;
			sourceTree = "<group>";
		};
		5442326627DE1242005AB188 /* News Detail */ = {
			isa = PBXGroup;
			children = (
				5442326727DE1274005AB188 /* NewsDetailsViewController.swift */,
				5442326927DE127B005AB188 /* NewsDetailViewModel.swift */,
			);
			path = "News Detail";
			sourceTree = "<group>";
		};
		5476AEDB27DE3DEA00F0E372 /* DailyNewsAppUITests */ = {
			isa = PBXGroup;
			children = (
				5476AEDC27DE3DEA00F0E372 /* DailyNewsAppUITests.swift */,
				5476AEDE27DE3DEA00F0E372 /* DailyNewsAppUITestsLaunchTests.swift */,
			);
			path = DailyNewsAppUITests;
			sourceTree = "<group>";
		};
		54E04AE927DEC88D004DD14E /* DailyNewsAppUnitTests */ = {
			isa = PBXGroup;
			children = (
				54E04AF127DEC963004DD14E /* Mocks */,
				549DFB8627DF38E00091E25C /* NewsDetailViewModelUnitTest.swift */,
				549DFB8727DF38E00091E25C /* NewsListFetcherUnitTest.swift */,
				549DFB8827DF38E00091E25C /* NewsListViewModelUnitTests.swift */,
			);
			path = DailyNewsAppUnitTests;
			sourceTree = "<group>";
		};
		54E04AF127DEC963004DD14E /* Mocks */ = {
			isa = PBXGroup;
			children = (
				549DFB7C27DF38B00091E25C /* MockNewsListApiResponse.json */,
				549DFB7D27DF38B00091E25C /* MockNewsObject.json */,
				549DFB8027DF38C50091E25C /* MockNewsListFetcher.swift */,
			);
			path = Mocks;
			sourceTree = "<group>";
		};
/* End PBXGroup section */

/* Begin PBXNativeTarget section */
		544231EE27DC5975005AB188 /* DailyNewsApp */ = {
			isa = PBXNativeTarget;
			buildConfigurationList = 5442321927DC5976005AB188 /* Build configuration list for PBXNativeTarget "DailyNewsApp" */;
			buildPhases = (
				544231EB27DC5975005AB188 /* Sources */,
				544231EC27DC5975005AB188 /* Frameworks */,
				544231ED27DC5975005AB188 /* Resources */,
			);
			buildRules = (
			);
			dependencies = (
			);
			name = DailyNewsApp;
			productName = DailyNewsApp;
			productReference = 544231EF27DC5975005AB188 /* DailyNewsApp.app */;
			productType = "com.apple.product-type.application";
		};
		5476AED927DE3DE900F0E372 /* DailyNewsAppUITests */ = {
			isa = PBXNativeTarget;
			buildConfigurationList = 5476AEE227DE3DEA00F0E372 /* Build configuration list for PBXNativeTarget "DailyNewsAppUITests" */;
			buildPhases = (
				5476AED627DE3DE900F0E372 /* Sources */,
				5476AED727DE3DE900F0E372 /* Frameworks */,
				5476AED827DE3DE900F0E372 /* Resources */,
			);
			buildRules = (
			);
			dependencies = (
				5476AEE127DE3DEA00F0E372 /* PBXTargetDependency */,
			);
			name = DailyNewsAppUITests;
			productName = DailyNewsAppUITests;
			productReference = 5476AEDA27DE3DE900F0E372 /* DailyNewsAppUITests.xctest */;
			productType = "com.apple.product-type.bundle.ui-testing";
		};
		54E04AE727DEC88D004DD14E /* DailyNewsAppUnitTests */ = {
			isa = PBXNativeTarget;
			buildConfigurationList = 54E04AF027DEC88D004DD14E /* Build configuration list for PBXNativeTarget "DailyNewsAppUnitTests" */;
			buildPhases = (
				54E04AE427DEC88D004DD14E /* Sources */,
				54E04AE527DEC88D004DD14E /* Frameworks */,
				54E04AE627DEC88D004DD14E /* Resources */,
			);
			buildRules = (
			);
			dependencies = (
				54E04AED27DEC88D004DD14E /* PBXTargetDependency */,
			);
			name = DailyNewsAppUnitTests;
			productName = DailyNewsAppUnitTests;
			productReference = 54E04AE827DEC88D004DD14E /* DailyNewsAppUnitTests.xctest */;
			productType = "com.apple.product-type.bundle.unit-test";
		};
/* End PBXNativeTarget section */

/* Begin PBXProject section */
		544231E727DC5975005AB188 /* Project object */ = {
			isa = PBXProject;
			attributes = {
				BuildIndependentTargetsInParallel = 1;
				LastSwiftUpdateCheck = 1320;
				LastUpgradeCheck = 1320;
				TargetAttributes = {
					544231EE27DC5975005AB188 = {
						CreatedOnToolsVersion = 13.2.1;
					};
					5476AED927DE3DE900F0E372 = {
						CreatedOnToolsVersion = 13.2.1;
						TestTargetID = 544231EE27DC5975005AB188;
					};
					54E04AE727DEC88D004DD14E = {
						CreatedOnToolsVersion = 13.2.1;
						LastSwiftMigration = 1320;
						TestTargetID = 544231EE27DC5975005AB188;
					};
				};
			};
			buildConfigurationList = 544231EA27DC5975005AB188 /* Build configuration list for PBXProject "DailyNewsApp" */;
			compatibilityVersion = "Xcode 13.0";
			developmentRegion = en;
			hasScannedForEncodings = 0;
			knownRegions = (
				en,
				Base,
			);
			mainGroup = 544231E627DC5975005AB188;
			productRefGroup = 544231F027DC5975005AB188 /* Products */;
			projectDirPath = "";
			projectRoot = "";
			targets = (
				544231EE27DC5975005AB188 /* DailyNewsApp */,
				5476AED927DE3DE900F0E372 /* DailyNewsAppUITests */,
				54E04AE727DEC88D004DD14E /* DailyNewsAppUnitTests */,
			);
		};
/* End PBXProject section */

/* Begin PBXResourcesBuildPhase section */
		544231ED27DC5975005AB188 /* Resources */ = {
			isa = PBXResourcesBuildPhase;
			buildActionMask = 2147483647;
			files = (
				5442324827DC7FE2005AB188 /* Main.storyboard in Resources */,
				549DFB8427DF38CE0091E25C /* MockNewsObject.json in Resources */,
				5442324A27DCB0C8005AB188 /* Localizable.strings in Resources */,
				544231FF27DC5976005AB188 /* LaunchScreen.storyboard in Resources */,
				549DFB8227DF38CB0091E25C /* MockNewsListApiResponse.json in Resources */,
				544231FC27DC5976005AB188 /* Assets.xcassets in Resources */,
			);
			runOnlyForDeploymentPostprocessing = 0;
		};
		5476AED827DE3DE900F0E372 /* Resources */ = {
			isa = PBXResourcesBuildPhase;
			buildActionMask = 2147483647;
			files = (
				549DFB8327DF38CC0091E25C /* MockNewsListApiResponse.json in Resources */,
				549DFB8527DF38CF0091E25C /* MockNewsObject.json in Resources */,
			);
			runOnlyForDeploymentPostprocessing = 0;
		};
		54E04AE627DEC88D004DD14E /* Resources */ = {
			isa = PBXResourcesBuildPhase;
			buildActionMask = 2147483647;
			files = (
				549DFB7E27DF38B00091E25C /* MockNewsListApiResponse.json in Resources */,
				549DFB7F27DF38B00091E25C /* MockNewsObject.json in Resources */,
			);
			runOnlyForDeploymentPostprocessing = 0;
		};
/* End PBXResourcesBuildPhase section */

/* Begin PBXSourcesBuildPhase section */
		544231EB27DC5975005AB188 /* Sources */ = {
			isa = PBXSourcesBuildPhase;
			buildActionMask = 2147483647;
			files = (
				5442325927DD103A005AB188 /* AppCoordinator.swift in Sources */,
				5442325027DCF945005AB188 /* NewsListCellViewModel.swift in Sources */,
				5442323927DC73F1005AB188 /* NewsListFetcher.swift in Sources */,
				5442323E27DC757C005AB188 /* NewsDataDelegate.swift in Sources */,
				5442322927DC5990005AB188 /* EndPoint.swift in Sources */,
				54D4105A27DEEBD6004F6955 /* APIError.swift in Sources */,
				5442325727DD0BB2005AB188 /* NetworkAPIStatus.swift in Sources */,
				544231F727DC5975005AB188 /* NewsListViewController.swift in Sources */,
				5442324527DC7970005AB188 /* NewsListCell.swift in Sources */,
				5442322727DC5990005AB188 /* DailyNewsEndpoint.swift in Sources */,
				5442322A27DC5990005AB188 /* NetworkManager.swift in Sources */,
				5442323027DC6859005AB188 /* Constants.swift in Sources */,
				5442326527DDF2CD005AB188 /* NewsCategory.swift in Sources */,
				5442322C27DC5DFF005AB188 /* HTTPMethod.swift in Sources */,
				5442326827DE1274005AB188 /* NewsDetailsViewController.swift in Sources */,
				5442325327DD0861005AB188 /* Coordinator.swift in Sources */,
				5442324C27DCD44D005AB188 /* ImageLoader.swift in Sources */,
				544231F327DC5975005AB188 /* AppDelegate.swift in Sources */,
				5442322827DC5990005AB188 /* NetworkRechability.swift in Sources */,
				544231F527DC5975005AB188 /* SceneDelegate.swift in Sources */,
				5442326A27DE127B005AB188 /* NewsDetailViewModel.swift in Sources */,
				5442323C27DC7548005AB188 /* News.swift in Sources */,
				5442324E27DCE9CD005AB188 /* CommonExtension.swift in Sources */,
				5442323727DC73E3005AB188 /* NewsListViewModel.swift in Sources */,
			);
			runOnlyForDeploymentPostprocessing = 0;
		};
		5476AED627DE3DE900F0E372 /* Sources */ = {
			isa = PBXSourcesBuildPhase;
			buildActionMask = 2147483647;
			files = (
				5476AEDD27DE3DEA00F0E372 /* DailyNewsAppUITests.swift in Sources */,
				5476AEDF27DE3DEA00F0E372 /* DailyNewsAppUITestsLaunchTests.swift in Sources */,
			);
			runOnlyForDeploymentPostprocessing = 0;
		};
		54E04AE427DEC88D004DD14E /* Sources */ = {
			isa = PBXSourcesBuildPhase;
			buildActionMask = 2147483647;
			files = (
				549DFB8A27DF38E00091E25C /* NewsListFetcherUnitTest.swift in Sources */,
				549DFB8927DF38E00091E25C /* NewsDetailViewModelUnitTest.swift in Sources */,
				549DFB8B27DF38E00091E25C /* NewsListViewModelUnitTests.swift in Sources */,
				549DFB8127DF38C50091E25C /* MockNewsListFetcher.swift in Sources */,
			);
			runOnlyForDeploymentPostprocessing = 0;
		};
/* End PBXSourcesBuildPhase section */

/* Begin PBXTargetDependency section */
		5476AEE127DE3DEA00F0E372 /* PBXTargetDependency */ = {
			isa = PBXTargetDependency;
			target = 544231EE27DC5975005AB188 /* DailyNewsApp */;
			targetProxy = 5476AEE027DE3DEA00F0E372 /* PBXContainerItemProxy */;
		};
		54E04AED27DEC88D004DD14E /* PBXTargetDependency */ = {
			isa = PBXTargetDependency;
			target = 544231EE27DC5975005AB188 /* DailyNewsApp */;
			targetProxy = 54E04AEC27DEC88D004DD14E /* PBXContainerItemProxy */;
		};
/* End PBXTargetDependency section */

/* Begin PBXVariantGroup section */
		544231FD27DC5976005AB188 /* LaunchScreen.storyboard */ = {
			isa = PBXVariantGroup;
			children = (
				544231FE27DC5976005AB188 /* Base */,
			);
			name = LaunchScreen.storyboard;
			sourceTree = "<group>";
		};
		5442324627DC7FE2005AB188 /* Main.storyboard */ = {
			isa = PBXVariantGroup;
			children = (
				5442324727DC7FE2005AB188 /* Base */,
			);
			name = Main.storyboard;
			sourceTree = "<group>";
		};
/* End PBXVariantGroup section */

/* Begin XCBuildConfiguration section */
		5442321727DC5976005AB188 /* Debug */ = {
			isa = XCBuildConfiguration;
			buildSettings = {
				ALWAYS_SEARCH_USER_PATHS = NO;
				CLANG_ANALYZER_NONNULL = YES;
				CLANG_ANALYZER_NUMBER_OBJECT_CONVERSION = YES_AGGRESSIVE;
				CLANG_CXX_LANGUAGE_STANDARD = "gnu++17";
				CLANG_CXX_LIBRARY = "libc++";
				CLANG_ENABLE_MODULES = YES;
				CLANG_ENABLE_OBJC_ARC = YES;
				CLANG_ENABLE_OBJC_WEAK = YES;
				CLANG_WARN_BLOCK_CAPTURE_AUTORELEASING = YES;
				CLANG_WARN_BOOL_CONVERSION = YES;
				CLANG_WARN_COMMA = YES;
				CLANG_WARN_CONSTANT_CONVERSION = YES;
				CLANG_WARN_DEPRECATED_OBJC_IMPLEMENTATIONS = YES;
				CLANG_WARN_DIRECT_OBJC_ISA_USAGE = YES_ERROR;
				CLANG_WARN_DOCUMENTATION_COMMENTS = YES;
				CLANG_WARN_EMPTY_BODY = YES;
				CLANG_WARN_ENUM_CONVERSION = YES;
				CLANG_WARN_INFINITE_RECURSION = YES;
				CLANG_WARN_INT_CONVERSION = YES;
				CLANG_WARN_NON_LITERAL_NULL_CONVERSION = YES;
				CLANG_WARN_OBJC_IMPLICIT_RETAIN_SELF = YES;
				CLANG_WARN_OBJC_LITERAL_CONVERSION = YES;
				CLANG_WARN_OBJC_ROOT_CLASS = YES_ERROR;
				CLANG_WARN_QUOTED_INCLUDE_IN_FRAMEWORK_HEADER = YES;
				CLANG_WARN_RANGE_LOOP_ANALYSIS = YES;
				CLANG_WARN_STRICT_PROTOTYPES = YES;
				CLANG_WARN_SUSPICIOUS_MOVE = YES;
				CLANG_WARN_UNGUARDED_AVAILABILITY = YES_AGGRESSIVE;
				CLANG_WARN_UNREACHABLE_CODE = YES;
				CLANG_WARN__DUPLICATE_METHOD_MATCH = YES;
				COPY_PHASE_STRIP = NO;
				DEBUG_INFORMATION_FORMAT = dwarf;
				ENABLE_STRICT_OBJC_MSGSEND = YES;
				ENABLE_TESTABILITY = YES;
				GCC_C_LANGUAGE_STANDARD = gnu11;
				GCC_DYNAMIC_NO_PIC = NO;
				GCC_NO_COMMON_BLOCKS = YES;
				GCC_OPTIMIZATION_LEVEL = 0;
				GCC_PREPROCESSOR_DEFINITIONS = (
					"DEBUG=1",
					"$(inherited)",
				);
				GCC_WARN_64_TO_32_BIT_CONVERSION = YES;
				GCC_WARN_ABOUT_RETURN_TYPE = YES_ERROR;
				GCC_WARN_UNDECLARED_SELECTOR = YES;
				GCC_WARN_UNINITIALIZED_AUTOS = YES_AGGRESSIVE;
				GCC_WARN_UNUSED_FUNCTION = YES;
				GCC_WARN_UNUSED_VARIABLE = YES;
				IPHONEOS_DEPLOYMENT_TARGET = 15.2;
				MTL_ENABLE_DEBUG_INFO = INCLUDE_SOURCE;
				MTL_FAST_MATH = YES;
				ONLY_ACTIVE_ARCH = YES;
				SDKROOT = iphoneos;
				SWIFT_ACTIVE_COMPILATION_CONDITIONS = DEBUG;
				SWIFT_OPTIMIZATION_LEVEL = "-Onone";
			};
			name = Debug;
		};
		5442321827DC5976005AB188 /* Release */ = {
			isa = XCBuildConfiguration;
			buildSettings = {
				ALWAYS_SEARCH_USER_PATHS = NO;
				CLANG_ANALYZER_NONNULL = YES;
				CLANG_ANALYZER_NUMBER_OBJECT_CONVERSION = YES_AGGRESSIVE;
				CLANG_CXX_LANGUAGE_STANDARD = "gnu++17";
				CLANG_CXX_LIBRARY = "libc++";
				CLANG_ENABLE_MODULES = YES;
				CLANG_ENABLE_OBJC_ARC = YES;
				CLANG_ENABLE_OBJC_WEAK = YES;
				CLANG_WARN_BLOCK_CAPTURE_AUTORELEASING = YES;
				CLANG_WARN_BOOL_CONVERSION = YES;
				CLANG_WARN_COMMA = YES;
				CLANG_WARN_CONSTANT_CONVERSION = YES;
				CLANG_WARN_DEPRECATED_OBJC_IMPLEMENTATIONS = YES;
				CLANG_WARN_DIRECT_OBJC_ISA_USAGE = YES_ERROR;
				CLANG_WARN_DOCUMENTATION_COMMENTS = YES;
				CLANG_WARN_EMPTY_BODY = YES;
				CLANG_WARN_ENUM_CONVERSION = YES;
				CLANG_WARN_INFINITE_RECURSION = YES;
				CLANG_WARN_INT_CONVERSION = YES;
				CLANG_WARN_NON_LITERAL_NULL_CONVERSION = YES;
				CLANG_WARN_OBJC_IMPLICIT_RETAIN_SELF = YES;
				CLANG_WARN_OBJC_LITERAL_CONVERSION = YES;
				CLANG_WARN_OBJC_ROOT_CLASS = YES_ERROR;
				CLANG_WARN_QUOTED_INCLUDE_IN_FRAMEWORK_HEADER = YES;
				CLANG_WARN_RANGE_LOOP_ANALYSIS = YES;
				CLANG_WARN_STRICT_PROTOTYPES = YES;
				CLANG_WARN_SUSPICIOUS_MOVE = YES;
				CLANG_WARN_UNGUARDED_AVAILABILITY = YES_AGGRESSIVE;
				CLANG_WARN_UNREACHABLE_CODE = YES;
				CLANG_WARN__DUPLICATE_METHOD_MATCH = YES;
				COPY_PHASE_STRIP = NO;
				DEBUG_INFORMATION_FORMAT = "dwarf-with-dsym";
				ENABLE_NS_ASSERTIONS = NO;
				ENABLE_STRICT_OBJC_MSGSEND = YES;
				GCC_C_LANGUAGE_STANDARD = gnu11;
				GCC_NO_COMMON_BLOCKS = YES;
				GCC_WARN_64_TO_32_BIT_CONVERSION = YES;
				GCC_WARN_ABOUT_RETURN_TYPE = YES_ERROR;
				GCC_WARN_UNDECLARED_SELECTOR = YES;
				GCC_WARN_UNINITIALIZED_AUTOS = YES_AGGRESSIVE;
				GCC_WARN_UNUSED_FUNCTION = YES;
				GCC_WARN_UNUSED_VARIABLE = YES;
				IPHONEOS_DEPLOYMENT_TARGET = 15.2;
				MTL_ENABLE_DEBUG_INFO = NO;
				MTL_FAST_MATH = YES;
				SDKROOT = iphoneos;
				SWIFT_COMPILATION_MODE = wholemodule;
				SWIFT_OPTIMIZATION_LEVEL = "-O";
				VALIDATE_PRODUCT = YES;
			};
			name = Release;
		};
		5442321A27DC5976005AB188 /* Debug */ = {
			isa = XCBuildConfiguration;
			buildSettings = {
				ASSETCATALOG_COMPILER_APPICON_NAME = AppIcon;
				ASSETCATALOG_COMPILER_GLOBAL_ACCENT_COLOR_NAME = AccentColor;
				CODE_SIGN_STYLE = Automatic;
				CURRENT_PROJECT_VERSION = 1;
				DEVELOPMENT_TEAM = BBW2432822;
				GENERATE_INFOPLIST_FILE = YES;
				INFOPLIST_FILE = DailyNewsApp/Info.plist;
				INFOPLIST_KEY_CFBundleDisplayName = "The Daily News";
				INFOPLIST_KEY_UIApplicationSupportsIndirectInputEvents = YES;
				INFOPLIST_KEY_UILaunchStoryboardName = LaunchScreen;
				INFOPLIST_KEY_UIMainStoryboardFile = Main;
				INFOPLIST_KEY_UISupportedInterfaceOrientations_iPad = "UIInterfaceOrientationPortrait UIInterfaceOrientationPortraitUpsideDown UIInterfaceOrientationLandscapeLeft UIInterfaceOrientationLandscapeRight";
				INFOPLIST_KEY_UISupportedInterfaceOrientations_iPhone = "UIInterfaceOrientationPortrait UIInterfaceOrientationLandscapeLeft UIInterfaceOrientationLandscapeRight";
				LD_RUNPATH_SEARCH_PATHS = (
					"$(inherited)",
					"@executable_path/Frameworks",
				);
				MARKETING_VERSION = 1.0;
				PRODUCT_BUNDLE_IDENTIFIER = com.CodingTest.DailyNewsApp;
				PRODUCT_NAME = "$(TARGET_NAME)";
				SWIFT_EMIT_LOC_STRINGS = YES;
				SWIFT_VERSION = 5.0;
				TARGETED_DEVICE_FAMILY = "1,2";
			};
			name = Debug;
		};
		5442321B27DC5976005AB188 /* Release */ = {
			isa = XCBuildConfiguration;
			buildSettings = {
				ASSETCATALOG_COMPILER_APPICON_NAME = AppIcon;
				ASSETCATALOG_COMPILER_GLOBAL_ACCENT_COLOR_NAME = AccentColor;
				CODE_SIGN_STYLE = Automatic;
				CURRENT_PROJECT_VERSION = 1;
				DEVELOPMENT_TEAM = BBW2432822;
				GENERATE_INFOPLIST_FILE = YES;
				INFOPLIST_FILE = DailyNewsApp/Info.plist;
				INFOPLIST_KEY_CFBundleDisplayName = "The Daily News";
				INFOPLIST_KEY_UIApplicationSupportsIndirectInputEvents = YES;
				INFOPLIST_KEY_UILaunchStoryboardName = LaunchScreen;
				INFOPLIST_KEY_UIMainStoryboardFile = Main;
				INFOPLIST_KEY_UISupportedInterfaceOrientations_iPad = "UIInterfaceOrientationPortrait UIInterfaceOrientationPortraitUpsideDown UIInterfaceOrientationLandscapeLeft UIInterfaceOrientationLandscapeRight";
				INFOPLIST_KEY_UISupportedInterfaceOrientations_iPhone = "UIInterfaceOrientationPortrait UIInterfaceOrientationLandscapeLeft UIInterfaceOrientationLandscapeRight";
				LD_RUNPATH_SEARCH_PATHS = (
					"$(inherited)",
					"@executable_path/Frameworks",
				);
				MARKETING_VERSION = 1.0;
				PRODUCT_BUNDLE_IDENTIFIER = com.CodingTest.DailyNewsApp;
				PRODUCT_NAME = "$(TARGET_NAME)";
				SWIFT_EMIT_LOC_STRINGS = YES;
				SWIFT_VERSION = 5.0;
				TARGETED_DEVICE_FAMILY = "1,2";
			};
			name = Release;
		};
		5476AEE327DE3DEA00F0E372 /* Debug */ = {
			isa = XCBuildConfiguration;
			buildSettings = {
				CODE_SIGN_STYLE = Automatic;
				CURRENT_PROJECT_VERSION = 1;
				DEVELOPMENT_TEAM = BBW2432822;
				GENERATE_INFOPLIST_FILE = YES;
				MARKETING_VERSION = 1.0;
				PRODUCT_BUNDLE_IDENTIFIER = com.CodingTest.DailyNewsAppUITests;
				PRODUCT_NAME = "$(TARGET_NAME)";
				SWIFT_EMIT_LOC_STRINGS = NO;
				SWIFT_VERSION = 5.0;
				TARGETED_DEVICE_FAMILY = "1,2";
				TEST_TARGET_NAME = DailyNewsApp;
			};
			name = Debug;
		};
		5476AEE427DE3DEA00F0E372 /* Release */ = {
			isa = XCBuildConfiguration;
			buildSettings = {
				CODE_SIGN_STYLE = Automatic;
				CURRENT_PROJECT_VERSION = 1;
				DEVELOPMENT_TEAM = BBW2432822;
				GENERATE_INFOPLIST_FILE = YES;
				MARKETING_VERSION = 1.0;
				PRODUCT_BUNDLE_IDENTIFIER = com.CodingTest.DailyNewsAppUITests;
				PRODUCT_NAME = "$(TARGET_NAME)";
				SWIFT_EMIT_LOC_STRINGS = NO;
				SWIFT_VERSION = 5.0;
				TARGETED_DEVICE_FAMILY = "1,2";
				TEST_TARGET_NAME = DailyNewsApp;
			};
			name = Release;
		};
		54E04AEE27DEC88D004DD14E /* Debug */ = {
			isa = XCBuildConfiguration;
			buildSettings = {
				BUNDLE_LOADER = "$(TEST_HOST)";
				CLANG_ENABLE_MODULES = YES;
				CODE_SIGN_STYLE = Automatic;
				CURRENT_PROJECT_VERSION = 1;
				DEVELOPMENT_TEAM = BBW2432822;
				GENERATE_INFOPLIST_FILE = YES;
				LD_RUNPATH_SEARCH_PATHS = (
					"$(inherited)",
					"@executable_path/Frameworks",
					"@loader_path/Frameworks",
				);
				MARKETING_VERSION = 1.0;
				PRODUCT_BUNDLE_IDENTIFIER = com.CodingTest.DailyNewsAppUnitTests;
				PRODUCT_NAME = "$(TARGET_NAME)";
				SWIFT_EMIT_LOC_STRINGS = NO;
				SWIFT_OPTIMIZATION_LEVEL = "-Onone";
				SWIFT_VERSION = 5.0;
				TARGETED_DEVICE_FAMILY = "1,2";
				TEST_HOST = "$(BUILT_PRODUCTS_DIR)/DailyNewsApp.app/DailyNewsApp";
			};
			name = Debug;
		};
		54E04AEF27DEC88D004DD14E /* Release */ = {
			isa = XCBuildConfiguration;
			buildSettings = {
				BUNDLE_LOADER = "$(TEST_HOST)";
				CLANG_ENABLE_MODULES = YES;
				CODE_SIGN_STYLE = Automatic;
				CURRENT_PROJECT_VERSION = 1;
				DEVELOPMENT_TEAM = BBW2432822;
				GENERATE_INFOPLIST_FILE = YES;
				LD_RUNPATH_SEARCH_PATHS = (
					"$(inherited)",
					"@executable_path/Frameworks",
					"@loader_path/Frameworks",
				);
				MARKETING_VERSION = 1.0;
				PRODUCT_BUNDLE_IDENTIFIER = com.CodingTest.DailyNewsAppUnitTests;
				PRODUCT_NAME = "$(TARGET_NAME)";
				SWIFT_EMIT_LOC_STRINGS = NO;
				SWIFT_VERSION = 5.0;
				TARGETED_DEVICE_FAMILY = "1,2";
				TEST_HOST = "$(BUILT_PRODUCTS_DIR)/DailyNewsApp.app/DailyNewsApp";
			};
			name = Release;
		};
/* End XCBuildConfiguration section */

/* Begin XCConfigurationList section */
		544231EA27DC5975005AB188 /* Build configuration list for PBXProject "DailyNewsApp" */ = {
			isa = XCConfigurationList;
			buildConfigurations = (
				5442321727DC5976005AB188 /* Debug */,
				5442321827DC5976005AB188 /* Release */,
			);
			defaultConfigurationIsVisible = 0;
			defaultConfigurationName = Release;
		};
		5442321927DC5976005AB188 /* Build configuration list for PBXNativeTarget "DailyNewsApp" */ = {
			isa = XCConfigurationList;
			buildConfigurations = (
				5442321A27DC5976005AB188 /* Debug */,
				5442321B27DC5976005AB188 /* Release */,
			);
			defaultConfigurationIsVisible = 0;
			defaultConfigurationName = Release;
		};
		5476AEE227DE3DEA00F0E372 /* Build configuration list for PBXNativeTarget "DailyNewsAppUITests" */ = {
			isa = XCConfigurationList;
			buildConfigurations = (
				5476AEE327DE3DEA00F0E372 /* Debug */,
				5476AEE427DE3DEA00F0E372 /* Release */,
			);
			defaultConfigurationIsVisible = 0;
			defaultConfigurationName = Release;
		};
		54E04AF027DEC88D004DD14E /* Build configuration list for PBXNativeTarget "DailyNewsAppUnitTests" */ = {
			isa = XCConfigurationList;
			buildConfigurations = (
				54E04AEE27DEC88D004DD14E /* Debug */,
				54E04AEF27DEC88D004DD14E /* Release */,
			);
			defaultConfigurationIsVisible = 0;
			defaultConfigurationName = Release;
		};
/* End XCConfigurationList section */
	};
	rootObject = 544231E727DC5975005AB188 /* Project object */;
}
